Microsoft Visual Studio Solution File, Format Version 12.00
# Visual Studio Version 17
VisualStudioVersion = 17.13.35825.156
MinimumVisualStudioVersion = 10.0.40219.1
Project("{FAE04EC0-301F-11D3-BF4B-00C04F79EFBC}") = "HaliSahaRandevu", "HaliSahaRandevu\HaliSahaRandevu.csproj", "{A4C2D34A-A2BE-4CAA-9AC4-02EFD387AA56}"
EndProject
Project("{FAE04EC0-301F-11D3-BF4B-00C04F79EFBC}") = "EntityLayer", "EntityLayer\EntityLayer.csproj", "{E205E59C-57E8-45EF-A1FE-873BEDCF7221}"
EndProject
Global
	GlobalSection(SolutionConfigurationPlatforms) = preSolution
		Debug|Any CPU = Debug|Any CPU
		Release|Any CPU = Release|Any CPU
	EndGlobalSection
	GlobalSection(ProjectConfigurationPlatforms) = postSolution
		{A4C2D34A-A2BE-4CAA-9AC4-02EFD387AA56}.Debug|Any CPU.ActiveCfg = Debug|Any CPU
		{A4C2D34A-A2BE-4CAA-9AC4-02EFD387AA56}.Debug|Any CPU.Build.0 = Debug|Any CPU
		{A4C2D34A-A2BE-4CAA-9AC4-02EFD387AA56}.Release|Any CPU.ActiveCfg = Release|Any CPU
		{A4C2D34A-A2BE-4CAA-9AC4-02EFD387AA56}.Release|Any CPU.Build.0 = Release|Any CPU
		{E205E59C-57E8-45EF-A1FE-873BEDCF7221}.Debug|Any CPU.ActiveCfg = Debug|Any CPU
		{E205E59C-57E8-45EF-A1FE-873BEDCF7221}.Debug|Any CPU.Build.0 = Debug|Any CPU
		{E205E59C-57E8-45EF-A1FE-873BEDCF7221}.Release|Any CPU.ActiveCfg = Release|Any CPU
		{E205E59C-57E8-45EF-A1FE-873BEDCF7221}.Release|Any CPU.Build.0 = Release|Any CPU
	EndGlobalSection
	GlobalSection(SolutionProperties) = preSolution
		HideSolutionNode = FALSE
	EndGlobalSection
	GlobalSection(ExtensibilityGlobals) = postSolution
		SolutionGuid = {92391C84-756A-4477-B8BD-AD32A1097240}
	EndGlobalSection
EndGlobal
